// !$*UTF8*$!
{
	archiveVersion = 1;
	classes = {
	};
	objectVersion = 46;
	objects = {

/* Begin PBXBuildFile section */
		FA59C5A61AF3695900F7B26D /* AppDelegate.swift in Sources */ = {isa = PBXBuildFile; fileRef = FA59C5A51AF3695900F7B26D /* AppDelegate.swift */; };
		FA59C5A81AF3695900F7B26D /* ViewController.swift in Sources */ = {isa = PBXBuildFile; fileRef = FA59C5A71AF3695900F7B26D /* ViewController.swift */; };
		FA59C5AB1AF3695900F7B26D /* Main.storyboard in Resources */ = {isa = PBXBuildFile; fileRef = FA59C5A91AF3695900F7B26D /* Main.storyboard */; };
		FA59C5AD1AF3695900F7B26D /* Images.xcassets in Resources */ = {isa = PBXBuildFile; fileRef = FA59C5AC1AF3695900F7B26D /* Images.xcassets */; };
		FA59C5B01AF3695900F7B26D /* LaunchScreen.xib in Resources */ = {isa = PBXBuildFile; fileRef = FA59C5AE1AF3695900F7B26D /* LaunchScreen.xib */; };
		FA59C5BC1AF3695900F7B26D /* CamelotTests.swift in Sources */ = {isa = PBXBuildFile; fileRef = FA59C5BB1AF3695900F7B26D /* CamelotTests.swift */; };
		FA59C5D51AF36AA200F7B26D /* ConsentDocument.swift in Sources */ = {isa = PBXBuildFile; fileRef = FA59C5D41AF36AA200F7B26D /* ConsentDocument.swift */; };
		FA59C5D71AF36C0700F7B26D /* ConsentTask.swift in Sources */ = {isa = PBXBuildFile; fileRef = FA59C5D61AF36C0700F7B26D /* ConsentTask.swift */; };
		FA59C5D91AF3708D00F7B26D /* SurveyTask.swift in Sources */ = {isa = PBXBuildFile; fileRef = FA59C5D81AF3708D00F7B26D /* SurveyTask.swift */; };
		FA59C5DB1AF3725600F7B26D /* MicrophoneTask.swift in Sources */ = {isa = PBXBuildFile; fileRef = FA59C5DA1AF3725600F7B26D /* MicrophoneTask.swift */; };
		FAD26E9B1AF379DE00D931DE /* ResearchKit.framework in Frameworks */ = {isa = PBXBuildFile; fileRef = FAD26E981AF379D500D931DE /* ResearchKit.framework */; };
		FAD26E9C1AF379DE00D931DE /* ResearchKit.framework in Embed Frameworks */ = {isa = PBXBuildFile; fileRef = FAD26E981AF379D500D931DE /* ResearchKit.framework */; settings = {ATTRIBUTES = (CodeSignOnCopy, RemoveHeadersOnCopy, ); }; };
/* End PBXBuildFile section */

/* Begin PBXContainerItemProxy section */
		FA59C5B61AF3695900F7B26D /* PBXContainerItemProxy */ = {
			isa = PBXContainerItemProxy;
			containerPortal = FA59C5981AF3695900F7B26D /* Project object */;
			proxyType = 1;
			remoteGlobalIDString = FA59C59F1AF3695900F7B26D;
			remoteInfo = Camelot;
		};
		FAD26E971AF379D500D931DE /* PBXContainerItemProxy */ = {
			isa = PBXContainerItemProxy;
			containerPortal = FAD26E911AF379D500D931DE /* ResearchKit.xcodeproj */;
			proxyType = 2;
			remoteGlobalIDString = B183A5951A8535D100C76870;
			remoteInfo = ResearchKit;
		};
		FAD26E991AF379D500D931DE /* PBXContainerItemProxy */ = {
			isa = PBXContainerItemProxy;
			containerPortal = FAD26E911AF379D500D931DE /* ResearchKit.xcodeproj */;
			proxyType = 2;
			remoteGlobalIDString = 86CC8E9A1AC09332001CCD89;
			remoteInfo = ResearchKitTests;
		};
		FAD26E9D1AF379DE00D931DE /* PBXContainerItemProxy */ = {
			isa = PBXContainerItemProxy;
			containerPortal = FAD26E911AF379D500D931DE /* ResearchKit.xcodeproj */;
			proxyType = 1;
			remoteGlobalIDString = B183A4731A8535D100C76870;
			remoteInfo = ResearchKit;
		};
/* End PBXContainerItemProxy section */

/* Begin PBXCopyFilesBuildPhase section */
		FA59C5D31AF36A7600F7B26D /* Embed Frameworks */ = {
			isa = PBXCopyFilesBuildPhase;
			buildActionMask = 2147483647;
			dstPath = "";
			dstSubfolderSpec = 10;
			files = (
				FAD26E9C1AF379DE00D931DE /* ResearchKit.framework in Embed Frameworks */,
			);
			name = "Embed Frameworks";
			runOnlyForDeploymentPostprocessing = 0;
		};
/* End PBXCopyFilesBuildPhase section */

/* Begin PBXFileReference section */
		FA59C5A01AF3695900F7B26D /* Camelot.app */ = {isa = PBXFileReference; explicitFileType = wrapper.application; includeInIndex = 0; path = Camelot.app; sourceTree = BUILT_PRODUCTS_DIR; };
		FA59C5A41AF3695900F7B26D /* Info.plist */ = {isa = PBXFileReference; lastKnownFileType = text.plist.xml; path = Info.plist; sourceTree = "<group>"; };
		FA59C5A51AF3695900F7B26D /* AppDelegate.swift */ = {isa = PBXFileReference; lastKnownFileType = sourcecode.swift; path = AppDelegate.swift; sourceTree = "<group>"; };
		FA59C5A71AF3695900F7B26D /* ViewController.swift */ = {isa = PBXFileReference; lastKnownFileType = sourcecode.swift; path = ViewController.swift; sourceTree = "<group>"; };
		FA59C5AA1AF3695900F7B26D /* Base */ = {isa = PBXFileReference; lastKnownFileType = file.storyboard; name = Base; path = Base.lproj/Main.storyboard; sourceTree = "<group>"; };
		FA59C5AC1AF3695900F7B26D /* Images.xcassets */ = {isa = PBXFileReference; lastKnownFileType = folder.assetcatalog; path = Images.xcassets; sourceTree = "<group>"; };
		FA59C5AF1AF3695900F7B26D /* Base */ = {isa = PBXFileReference; lastKnownFileType = file.xib; name = Base; path = Base.lproj/LaunchScreen.xib; sourceTree = "<group>"; };
		FA59C5B51AF3695900F7B26D /* CamelotTests.xctest */ = {isa = PBXFileReference; explicitFileType = wrapper.cfbundle; includeInIndex = 0; path = CamelotTests.xctest; sourceTree = BUILT_PRODUCTS_DIR; };
		FA59C5BA1AF3695900F7B26D /* Info.plist */ = {isa = PBXFileReference; lastKnownFileType = text.plist.xml; path = Info.plist; sourceTree = "<group>"; };
		FA59C5BB1AF3695900F7B26D /* CamelotTests.swift */ = {isa = PBXFileReference; lastKnownFileType = sourcecode.swift; path = CamelotTests.swift; sourceTree = "<group>"; };
		FA59C5D41AF36AA200F7B26D /* ConsentDocument.swift */ = {isa = PBXFileReference; fileEncoding = 4; lastKnownFileType = sourcecode.swift; path = ConsentDocument.swift; sourceTree = "<group>"; };
		FA59C5D61AF36C0700F7B26D /* ConsentTask.swift */ = {isa = PBXFileReference; fileEncoding = 4; lastKnownFileType = sourcecode.swift; path = ConsentTask.swift; sourceTree = "<group>"; };
		FA59C5D81AF3708D00F7B26D /* SurveyTask.swift */ = {isa = PBXFileReference; fileEncoding = 4; lastKnownFileType = sourcecode.swift; path = SurveyTask.swift; sourceTree = "<group>"; };
		FA59C5DA1AF3725600F7B26D /* MicrophoneTask.swift */ = {isa = PBXFileReference; fileEncoding = 4; lastKnownFileType = sourcecode.swift; path = MicrophoneTask.swift; sourceTree = "<group>"; };
		FAD26E911AF379D500D931DE /* ResearchKit.xcodeproj */ = {isa = PBXFileReference; lastKnownFileType = "wrapper.pb-project"; name = ResearchKit.xcodeproj; path = ResearchKit/ResearchKit.xcodeproj; sourceTree = "<group>"; };
/* End PBXFileReference section */

/* Begin PBXFrameworksBuildPhase section */
		FA59C59D1AF3695900F7B26D /* Frameworks */ = {
			isa = PBXFrameworksBuildPhase;
			buildActionMask = 2147483647;
			files = (
				FAD26E9B1AF379DE00D931DE /* ResearchKit.framework in Frameworks */,
			);
			runOnlyForDeploymentPostprocessing = 0;
		};
		FA59C5B21AF3695900F7B26D /* Frameworks */ = {
			isa = PBXFrameworksBuildPhase;
			buildActionMask = 2147483647;
			files = (
			);
			runOnlyForDeploymentPostprocessing = 0;
		};
/* End PBXFrameworksBuildPhase section */

/* Begin PBXGroup section */
		FA59C5971AF3695900F7B26D = {
			isa = PBXGroup;
			children = (
				FAD26E911AF379D500D931DE /* ResearchKit.xcodeproj */,
				FA59C5A21AF3695900F7B26D /* Camelot */,
				FA59C5B81AF3695900F7B26D /* CamelotTests */,
				FA59C5A11AF3695900F7B26D /* Products */,
			);
			sourceTree = "<group>";
		};
		FA59C5A11AF3695900F7B26D /* Products */ = {
			isa = PBXGroup;
			children = (
				FA59C5A01AF3695900F7B26D /* Camelot.app */,
				FA59C5B51AF3695900F7B26D /* CamelotTests.xctest */,
			);
			name = Products;
			sourceTree = "<group>";
		};
		FA59C5A21AF3695900F7B26D /* Camelot */ = {
			isa = PBXGroup;
			children = (
				FA59C5A51AF3695900F7B26D /* AppDelegate.swift */,
				FA59C5A71AF3695900F7B26D /* ViewController.swift */,
				FA59C5A91AF3695900F7B26D /* Main.storyboard */,
				FA59C5AC1AF3695900F7B26D /* Images.xcassets */,
				FA59C5AE1AF3695900F7B26D /* LaunchScreen.xib */,
				FA59C5A31AF3695900F7B26D /* Supporting Files */,
				FA59C5D41AF36AA200F7B26D /* ConsentDocument.swift */,
				FA59C5D61AF36C0700F7B26D /* ConsentTask.swift */,
				FA59C5D81AF3708D00F7B26D /* SurveyTask.swift */,
				FA59C5DA1AF3725600F7B26D /* MicrophoneTask.swift */,
			);
			path = Camelot;
			sourceTree = "<group>";
		};
		FA59C5A31AF3695900F7B26D /* Supporting Files */ = {
			isa = PBXGroup;
			children = (
				FA59C5A41AF3695900F7B26D /* Info.plist */,
			);
			name = "Supporting Files";
			sourceTree = "<group>";
		};
		FA59C5B81AF3695900F7B26D /* CamelotTests */ = {
			isa = PBXGroup;
			children = (
				FA59C5BB1AF3695900F7B26D /* CamelotTests.swift */,
				FA59C5B91AF3695900F7B26D /* Supporting Files */,
			);
			path = CamelotTests;
			sourceTree = "<group>";
		};
		FA59C5B91AF3695900F7B26D /* Supporting Files */ = {
			isa = PBXGroup;
			children = (
				FA59C5BA1AF3695900F7B26D /* Info.plist */,
			);
			name = "Supporting Files";
			sourceTree = "<group>";
		};
		FAD26E921AF379D500D931DE /* Products */ = {
			isa = PBXGroup;
			children = (
				FAD26E981AF379D500D931DE /* ResearchKit.framework */,
				FAD26E9A1AF379D500D931DE /* ResearchKitTests.xctest */,
			);
			name = Products;
			sourceTree = "<group>";
		};
/* End PBXGroup section */

/* Begin PBXNativeTarget section */
		FA59C59F1AF3695900F7B26D /* Camelot */ = {
			isa = PBXNativeTarget;
			buildConfigurationList = FA59C5BF1AF3695900F7B26D /* Build configuration list for PBXNativeTarget "Camelot" */;
			buildPhases = (
				FA59C59C1AF3695900F7B26D /* Sources */,
				FA59C59D1AF3695900F7B26D /* Frameworks */,
				FA59C59E1AF3695900F7B26D /* Resources */,
				FA59C5D31AF36A7600F7B26D /* Embed Frameworks */,
			);
			buildRules = (
			);
			dependencies = (
				FAD26E9E1AF379DE00D931DE /* PBXTargetDependency */,
			);
			name = Camelot;
			productName = Camelot;
			productReference = FA59C5A01AF3695900F7B26D /* Camelot.app */;
			productType = "com.apple.product-type.application";
		};
		FA59C5B41AF3695900F7B26D /* CamelotTests */ = {
			isa = PBXNativeTarget;
			buildConfigurationList = FA59C5C21AF3695900F7B26D /* Build configuration list for PBXNativeTarget "CamelotTests" */;
			buildPhases = (
				FA59C5B11AF3695900F7B26D /* Sources */,
				FA59C5B21AF3695900F7B26D /* Frameworks */,
				FA59C5B31AF3695900F7B26D /* Resources */,
			);
			buildRules = (
			);
			dependencies = (
				FA59C5B71AF3695900F7B26D /* PBXTargetDependency */,
			);
			name = CamelotTests;
			productName = CamelotTests;
			productReference = FA59C5B51AF3695900F7B26D /* CamelotTests.xctest */;
			productType = "com.apple.product-type.bundle.unit-test";
		};
/* End PBXNativeTarget section */

/* Begin PBXProject section */
		FA59C5981AF3695900F7B26D /* Project object */ = {
			isa = PBXProject;
			attributes = {
				LastSwiftMigration = 0730;
				LastSwiftUpdateCheck = 0730;
				LastUpgradeCheck = 0630;
				ORGANIZATIONNAME = Razeware;
				TargetAttributes = {
					FA59C59F1AF3695900F7B26D = {
						CreatedOnToolsVersion = 6.3;
						LastSwiftMigration = 0830;
					};
					FA59C5B41AF3695900F7B26D = {
						CreatedOnToolsVersion = 6.3;
						LastSwiftMigration = 0830;
						TestTargetID = FA59C59F1AF3695900F7B26D;
					};
				};
			};
			buildConfigurationList = FA59C59B1AF3695900F7B26D /* Build configuration list for PBXProject "Camelot" */;
			compatibilityVersion = "Xcode 3.2";
			developmentRegion = English;
			hasScannedForEncodings = 0;
			knownRegions = (
				en,
				Base,
			);
			mainGroup = FA59C5971AF3695900F7B26D;
			productRefGroup = FA59C5A11AF3695900F7B26D /* Products */;
			projectDirPath = "";
			projectReferences = (
				{
					ProductGroup = FAD26E921AF379D500D931DE /* Products */;
					ProjectRef = FAD26E911AF379D500D931DE /* ResearchKit.xcodeproj */;
				},
			);
			projectRoot = "";
			targets = (
				FA59C59F1AF3695900F7B26D /* Camelot */,
				FA59C5B41AF3695900F7B26D /* CamelotTests */,
			);
		};
/* End PBXProject section */

/* Begin PBXReferenceProxy section */
		FAD26E981AF379D500D931DE /* ResearchKit.framework */ = {
			isa = PBXReferenceProxy;
			fileType = wrapper.framework;
			path = ResearchKit.framework;
			remoteRef = FAD26E971AF379D500D931DE /* PBXContainerItemProxy */;
			sourceTree = BUILT_PRODUCTS_DIR;
		};
		FAD26E9A1AF379D500D931DE /* ResearchKitTests.xctest */ = {
			isa = PBXReferenceProxy;
			fileType = wrapper.cfbundle;
			path = ResearchKitTests.xctest;
			remoteRef = FAD26E991AF379D500D931DE /* PBXContainerItemProxy */;
			sourceTree = BUILT_PRODUCTS_DIR;
		};
/* End PBXReferenceProxy section */

/* Begin PBXResourcesBuildPhase section */
		FA59C59E1AF3695900F7B26D /* Resources */ = {
			isa = PBXResourcesBuildPhase;
			buildActionMask = 2147483647;
			files = (
				FA59C5AB1AF3695900F7B26D /* Main.storyboard in Resources */,
				FA59C5B01AF3695900F7B26D /* LaunchScreen.xib in Resources */,
				FA59C5AD1AF3695900F7B26D /* Images.xcassets in Resources */,
			);
			runOnlyForDeploymentPostprocessing = 0;
		};
		FA59C5B31AF3695900F7B26D /* Resources */ = {
			isa = PBXResourcesBuildPhase;
			buildActionMask = 2147483647;
			files = (
			);
			runOnlyForDeploymentPostprocessing = 0;
		};
/* End PBXResourcesBuildPhase section */

/* Begin PBXSourcesBuildPhase section */
		FA59C59C1AF3695900F7B26D /* Sources */ = {
			isa = PBXSourcesBuildPhase;
			buildActionMask = 2147483647;
			files = (
				FA59C5A81AF3695900F7B26D /* ViewController.swift in Sources */,
				FA59C5D71AF36C0700F7B26D /* ConsentTask.swift in Sources */,
				FA59C5DB1AF3725600F7B26D /* MicrophoneTask.swift in Sources */,
				FA59C5D91AF3708D00F7B26D /* SurveyTask.swift in Sources */,
				FA59C5D51AF36AA200F7B26D /* ConsentDocument.swift in Sources */,
				FA59C5A61AF3695900F7B26D /* AppDelegate.swift in Sources */,
			);
			runOnlyForDeploymentPostprocessing = 0;
		};
		FA59C5B11AF3695900F7B26D /* Sources */ = {
			isa = PBXSourcesBuildPhase;
			buildActionMask = 2147483647;
			files = (
				FA59C5BC1AF3695900F7B26D /* CamelotTests.swift in Sources */,
			);
			runOnlyForDeploymentPostprocessing = 0;
		};
/* End PBXSourcesBuildPhase section */

/* Begin PBXTargetDependency section */
		FA59C5B71AF3695900F7B26D /* PBXTargetDependency */ = {
			isa = PBXTargetDependency;
			target = FA59C59F1AF3695900F7B26D /* Camelot */;
			targetProxy = FA59C5B61AF3695900F7B26D /* PBXContainerItemProxy */;
		};
		FAD26E9E1AF379DE00D931DE /* PBXTargetDependency */ = {
			isa = PBXTargetDependency;
			name = ResearchKit;
			targetProxy = FAD26E9D1AF379DE00D931DE /* PBXContainerItemProxy */;
		};
/* End PBXTargetDependency section */

/* Begin PBXVariantGroup section */
		FA59C5A91AF3695900F7B26D /* Main.storyboard */ = {
			isa = PBXVariantGroup;
			children = (
				FA59C5AA1AF3695900F7B26D /* Base */,
			);
			name = Main.storyboard;
			sourceTree = "<group>";
		};
		FA59C5AE1AF3695900F7B26D /* LaunchScreen.xib */ = {
			isa = PBXVariantGroup;
			children = (
				FA59C5AF1AF3695900F7B26D /* Base */,
			);
			name = LaunchScreen.xib;
			sourceTree = "<group>";
		};
/* End PBXVariantGroup section */

/* Begin XCBuildConfiguration section */
		FA59C5BD1AF3695900F7B26D /* Debug */ = {
			isa = XCBuildConfiguration;
			buildSettings = {
				ALWAYS_SEARCH_USER_PATHS = NO;
				CLANG_CXX_LANGUAGE_STANDARD = "gnu++0x";
				CLANG_CXX_LIBRARY = "libc++";
				CLANG_ENABLE_MODULES = YES;
				CLANG_ENABLE_OBJC_ARC = YES;
				CLANG_WARN_BOOL_CONVERSION = YES;
				CLANG_WARN_CONSTANT_CONVERSION = YES;
				CLANG_WARN_DIRECT_OBJC_ISA_USAGE = YES_ERROR;
				CLANG_WARN_EMPTY_BODY = YES;
				CLANG_WARN_ENUM_CONVERSION = YES;
				CLANG_WARN_INT_CONVERSION = YES;
				CLANG_WARN_OBJC_ROOT_CLASS = YES_ERROR;
				CLANG_WARN_UNREACHABLE_CODE = YES;
				CLANG_WARN__DUPLICATE_METHOD_MATCH = YES;
				"CODE_SIGN_IDENTITY[sdk=iphoneos*]" = "iPhone Developer";
				COPY_PHASE_STRIP = NO;
				DEBUG_INFORMATION_FORMAT = "dwarf-with-dsym";
				ENABLE_STRICT_OBJC_MSGSEND = YES;
				GCC_C_LANGUAGE_STANDARD = gnu99;
				GCC_DYNAMIC_NO_PIC = NO;
				GCC_NO_COMMON_BLOCKS = YES;
				GCC_OPTIMIZATION_LEVEL = 0;
				GCC_PREPROCESSOR_DEFINITIONS = (
					"DEBUG=1",
					"$(inherited)",
				);
				GCC_SYMBOLS_PRIVATE_EXTERN = NO;
				GCC_WARN_64_TO_32_BIT_CONVERSION = YES;
				GCC_WARN_ABOUT_RETURN_TYPE = YES_ERROR;
				GCC_WARN_UNDECLARED_SELECTOR = YES;
				GCC_WARN_UNINITIALIZED_AUTOS = YES_AGGRESSIVE;
				GCC_WARN_UNUSED_FUNCTION = YES;
				GCC_WARN_UNUSED_VARIABLE = YES;
				IPHONEOS_DEPLOYMENT_TARGET = 8.3;
				MTL_ENABLE_DEBUG_INFO = YES;
				ONLY_ACTIVE_ARCH = YES;
				SDKROOT = iphoneos;
				SWIFT_OPTIMIZATION_LEVEL = "-Onone";
			};
			name = Debug;
		};
		FA59C5BE1AF3695900F7B26D /* Release */ = {
			isa = XCBuildConfiguration;
			buildSettings = {
				ALWAYS_SEARCH_USER_PATHS = NO;
				CLANG_CXX_LANGUAGE_STANDARD = "gnu++0x";
				CLANG_CXX_LIBRARY = "libc++";
				CLANG_ENABLE_MODULES = YES;
				CLANG_ENABLE_OBJC_ARC = YES;
				CLANG_WARN_BOOL_CONVERSION = YES;
				CLANG_WARN_CONSTANT_CONVERSION = YES;
				CLANG_WARN_DIRECT_OBJC_ISA_USAGE = YES_ERROR;
				CLANG_WARN_EMPTY_BODY = YES;
				CLANG_WARN_ENUM_CONVERSION = YES;
				CLANG_WARN_INT_CONVERSION = YES;
				CLANG_WARN_OBJC_ROOT_CLASS = YES_ERROR;
				CLANG_WARN_UNREACHABLE_CODE = YES;
				CLANG_WARN__DUPLICATE_METHOD_MATCH = YES;
				"CODE_SIGN_IDENTITY[sdk=iphoneos*]" = "iPhone Developer";
				COPY_PHASE_STRIP = NO;
				DEBUG_INFORMATION_FORMAT = "dwarf-with-dsym";
				ENABLE_NS_ASSERTIONS = NO;
				ENABLE_STRICT_OBJC_MSGSEND = YES;
				GCC_C_LANGUAGE_STANDARD = gnu99;
				GCC_NO_COMMON_BLOCKS = YES;
				GCC_WARN_64_TO_32_BIT_CONVERSION = YES;
				GCC_WARN_ABOUT_RETURN_TYPE = YES_ERROR;
				GCC_WARN_UNDECLARED_SELECTOR = YES;
				GCC_WARN_UNINITIALIZED_AUTOS = YES_AGGRESSIVE;
				GCC_WARN_UNUSED_FUNCTION = YES;
				GCC_WARN_UNUSED_VARIABLE = YES;
				IPHONEOS_DEPLOYMENT_TARGET = 8.3;
				MTL_ENABLE_DEBUG_INFO = NO;
				SDKROOT = iphoneos;
				VALIDATE_PRODUCT = YES;
			};
			name = Release;
		};
		FA59C5C01AF3695900F7B26D /* Debug */ = {
			isa = XCBuildConfiguration;
			buildSettings = {
				ASSETCATALOG_COMPILER_APPICON_NAME = AppIcon;
				INFOPLIST_FILE = Camelot/Info.plist;
				LD_RUNPATH_SEARCH_PATHS = "$(inherited) @executable_path/Frameworks";
				PRODUCT_NAME = "$(TARGET_NAME)";
				SWIFT_VERSION = 3.0;
			};
			name = Debug;
		};
		FA59C5C11AF3695900F7B26D /* Release */ = {
			isa = XCBuildConfiguration;
			buildSettings = {
				ASSETCATALOG_COMPILER_APPICON_NAME = AppIcon;
				INFOPLIST_FILE = Camelot/Info.plist;
				LD_RUNPATH_SEARCH_PATHS = "$(inherited) @executable_path/Frameworks";
				PRODUCT_NAME = "$(TARGET_NAME)";
				SWIFT_VERSION = 3.0;
			};
			name = Release;
		};
		FA59C5C31AF3695900F7B26D /* Debug */ = {
			isa = XCBuildConfiguration;
			buildSettings = {
				BUNDLE_LOADER = "$(TEST_HOST)";
				FRAMEWORK_SEARCH_PATHS = (
					"$(SDKROOT)/Developer/Library/Frameworks",
					"$(inherited)",
				);
				GCC_PREPROCESSOR_DEFINITIONS = (
					"DEBUG=1",
					"$(inherited)",
				);
				INFOPLIST_FILE = CamelotTests/Info.plist;
				LD_RUNPATH_SEARCH_PATHS = "$(inherited) @executable_path/Frameworks @loader_path/Frameworks";
				PRODUCT_NAME = "$(TARGET_NAME)";
				SWIFT_VERSION = 3.0;
				TEST_HOST = "$(BUILT_PRODUCTS_DIR)/Camelot.app/Camelot";
			};
			name = Debug;
		};
		FA59C5C41AF3695900F7B26D /* Release */ = {
			isa = XCBuildConfiguration;
			buildSettings = {
				BUNDLE_LOADER = "$(TEST_HOST)";
				FRAMEWORK_SEARCH_PATHS = (
					"$(SDKROOT)/Developer/Library/Frameworks",
					"$(inherited)",
				);
				INFOPLIST_FILE = CamelotTests/Info.plist;
				LD_RUNPATH_SEARCH_PATHS = "$(inherited) @executable_path/Frameworks @loader_path/Frameworks";
				PRODUCT_NAME = "$(TARGET_NAME)";
				SWIFT_VERSION = 3.0;
				TEST_HOST = "$(BUILT_PRODUCTS_DIR)/Camelot.app/Camelot";
			};
			name = Release;
		};
/* End XCBuildConfiguration section */

/* Begin XCConfigurationList section */
		FA59C59B1AF3695900F7B26D /* Build configuration list for PBXProject "Camelot" */ = {
			isa = XCConfigurationList;
			buildConfigurations = (
				FA59C5BD1AF3695900F7B26D /* Debug */,
				FA59C5BE1AF3695900F7B26D /* Release */,
			);
			defaultConfigurationIsVisible = 0;
			defaultConfigurationName = Release;
		};
		FA59C5BF1AF3695900F7B26D /* Build configuration list for PBXNativeTarget "Camelot" */ = {
			isa = XCConfigurationList;
			buildConfigurations = (
				FA59C5C01AF3695900F7B26D /* Debug */,
				FA59C5C11AF3695900F7B26D /* Release */,
			);
			defaultConfigurationIsVisible = 0;
			defaultConfigurationName = Release;
		};
		FA59C5C21AF3695900F7B26D /* Build configuration list for PBXNativeTarget "CamelotTests" */ = {
			isa = XCConfigurationList;
			buildConfigurations = (
				FA59C5C31AF3695900F7B26D /* Debug */,
				FA59C5C41AF3695900F7B26D /* Release */,
			);
			defaultConfigurationIsVisible = 0;
			defaultConfigurationName = Release;
		};
/* End XCConfigurationList section */
	};
	rootObject = FA59C5981AF3695900F7B26D /* Project object */;
}
